lockfileVersion: '9.0'

settings:
  autoInstallPeers: true
  excludeLinksFromLockfile: false

importers:

  .:
    dependencies:
      '@deepseek-ai/cordis':
        specifier: ^4.0.1
        version: 4.0.2
      '@deepseek-ai/schemastery':
        specifier: ^3.18.4
        version: 3.18.4
    devDependencies:
      rollup:
        specifier: ^4.63.5
        version: 4.63.5

packages:

  '@deepseek-ai/cordis@4.0.2':
    resolution: {integrity: sha512-asOnXP1TzFSFQlHb1iegDZp0z/8WD1c7YNrwJR/Tx2bzNuMXfcekE/I67Iv6SQXeLB4csxqCngzQKANP7gdw0g==}
    hasBin: true
    peerDependencies:
      '@deepseek-ai/cordis-plugin-include': ^1.0.7
      '@deepseek-ai/cordis-plugin-loader': ^1.0.3
    peerDependenciesMeta:
      '@deepseek-ai/cordis-plugin-include':
        optional: true
      '@deepseek-ai/cordis-plugin-loader':
        optional: true

  '@deepseek-ai/cosmokit@1.8.3':
    resolution: {integrity: sha512-qBo+ronVM6Eu2WNVJXi8JcMiqZ19T9BRIpV+5qJUFPXjGH/Z0QKcQMC/IZJ7L394YTOtJgcovbk9qP0w2GsBXQ==}

  '@deepseek-ai/cosmokit@1.8.5':
    resolution: {integrity: sha512-LXsrlem9z8dq4sLflj2yuCuYX7KqhdzF5hZly3eZyuTo8d6oDSOXuEgC5DbQWKW+lksm6zmOutQLsP/ma6wR6A==}

  '@deepseek-ai/schemastery@3.18.4':
    resolution: {integrity: sha512-SSXO6tYuyrIqKVbmOnIq0s+riUywYzouFMcnBluHF9n4KMo2G8HvEzhCYj6pj2617/glOjbJuVInJ9hfONsjkg==}

  '@napi-rs/lzma-linux-x64-gnu@1.5.1':
    resolution: {integrity: sha512-oTXEIha4SsuXdTA4Iyskj0kpdx2yVXdhd75c2v3xGrHFfVMsbhTPZU/nMPL4sWKo4pBHm3aucLaqGlF696dTyQ==}
    engines: {node: ^22.20 || ^24.12 || >=25}
    cpu: [x64]
    os: [linux]
    libc: [glibc]

  '@rollup/rollup-android-arm-eabi@4.63.5':
    resolution: {integrity: sha512-J25QJU+B78T4FhhBsNpLJyVWOi31mwtpcMwywHmOKH65Q9IWGA81gPj+dnwlhU8wktVriYE+tFAaQgrnJRzAZg==}
    cpu: [arm]
    os: [android]

  '@rollup/rollup-android-arm64@4.63.5':
    resolution: {integrity: sha512-LDopB3zuZM5Ux9TT2luNEBJW/tYbGU2g1d+VpKk6I+gSKDb+/7sYE6M225gRQt4RbMX6MSwMsVR/phdjVUgRLg==}
    cpu: [arm64]
    os: [android]

  '@rollup/rollup-darwin-arm64@4.63.5':
    resolution: {integrity: sha512-wlJEERGfeuHeBavCL2qVnNacOK43NDoZM4sjkeRPymd04OAE9T1zBqDJgmZ+CIsPTYKwdzpUC8vmOw84dwY4Tg==}
    cpu: [arm64]
    os: [darwin]

  '@rollup/rollup-darwin-x64@4.63.5':
    resolution: {integrity: sha512-4nJJGg5jbo2wwPP4JP+LfEBA3bvP8rU9CLuhp7jWvq9sxEyhjQFTFdrqi+/dHEin/pd8jpT0vcehIpnZtmEdcQ==}
    cpu: [x64]
    os: [darwin]

  '@rollup/rollup-freebsd-arm64@4.63.5':
    resolution: {integrity: sha512-DrZbyCDF1hneuO6jRbvZ2D7+PIBM6yIwYnJpg2vIk58T+wuFpiaGZrfUr59lDWw45bg+IrpTGLPiNi/Fk4w3Cg==}
    cpu: [arm64]
    os: [freebsd]

  '@rollup/rollup-freebsd-x64@4.63.5':
    resolution: {integrity: sha512-gqfUVMJMB3mehqywxp6hTBFfgtMQykZY19+cfiaYP0toIJLb/1DZRJHVkQQGP13W4TAwfZDWeg1qBcheTRioXQ==}
    cpu: [x64]
    os: [freebsd]

  '@rollup/rollup-linux-arm-gnueabihf@4.63.5':
    resolution: {integrity: sha512-CFmhpvAwzSaWMlN3VN7UtmoTihlZNzoP0juQib5TQRnYUyDV8dXeWOp29sobWAT6gXl/hQgAClLlEiYozQG3OQ==}
    cpu: [arm]
    os: [linux]
    libc: [glibc]

  '@rollup/rollup-linux-arm-musleabihf@4.63.5':
    resolution: {integrity: sha512-Uc9H8eXCOayV6JLTH5bXKMId6qbhNHa818/BgYjm4jrlq3vZquC9cqyvHBw17xy5Mnj5f+I3gFK5JcEf3hSqrw==}
    cpu: [arm]
    os: [linux]
    libc: [musl]

  '@rollup/rollup-linux-arm64-gnu@4.63.5':
    resolution: {integrity: sha512-VcPr/szv/1BFw112Kt//fxulXt/JPqzzidU84iW68L2DdjnOO8QFUv2zTSYBEPHD6movBD4z+bbr5y60GYM7Jw==}
    cpu: [arm64]
    os: [linux]
    libc: [glibc]

  '@rollup/rollup-linux-arm64-musl@4.63.5':
    resolution: {integrity: sha512-BnxtJ5/91BrIHYIkGrmjz/lbMhqEHt1dPFqIxIFR+jPn0xVc/oUSCtIT089zfp5ufwGDlYz2UC+Fe1SRBpYFbQ==}
    cpu: [arm64]
    os: [linux]
    libc: [musl]

  '@rollup/rollup-linux-loong64-gnu@4.63.5':
    resolution: {integrity: sha512-LrYcHZwF+fAMNKHYTOQ5osWM4AZF7YF6D+XtsjDyEvljtt11twc+zHVXBLNEjxVSUnKYsOhvVz4Z213eW02COQ==}
    cpu: [loong64]
    os: [linux]
    libc: [glibc]

  '@rollup/rollup-linux-loong64-musl@4.63.5':
    resolution: {integrity: sha512-nj7QKQePAAUpCpJHtg0pR0W/b92A9NO17JS3BAQmHDn/yhmkir2p8llrKY9TOhleKIaSzy1JhxS3T9FVld6coA==}
    cpu: [loong64]
    os: [linux]
    libc: [musl]

  '@rollup/rollup-linux-ppc64-gnu@4.63.5':
    resolution: {integrity: sha512-5ylkX6dWMeBKge9nTU+Rxfb+ZfaCIJ9lRqIFaK0eAMcWp7OJbYnLveLgXmm0VrvuLKb8qIK+mHyH0qu88RM+iA==}
    cpu: [ppc64]
    os: [linux]
    libc: [glibc]

  '@rollup/rollup-linux-ppc64-musl@4.63.5':
    resolution: {integrity: sha512-oHK4ZHYFDKjZviK34I+NwgfbGxgI7ztrNxj2hPTSSNFgeq1a/lEd7dHV2fdGAuTH4Iym3RHJg+vAbWaWG4B7Zg==}
    cpu: [ppc64]
    os: [linux]
    libc: [musl]

  '@rollup/rollup-linux-riscv64-gnu@4.63.5':
    resolution: {integrity: sha512-UcetmHZ6XOXuUByiKZyQmb55ZPr0LABr3Ec/HB9wKZn6CEAFWZkE+hsJErJ9hbPBC7nI0dKuELx7CoV6IM7TMg==}
    cpu: [riscv64]
    os: [linux]
    libc: [glibc]

  '@rollup/rollup-linux-riscv64-musl@4.63.5':
    resolution: {integrity: sha512-C5CmDPQBtvjVo8cgQsBs+w6WB0JLkiixhgi6hVLV11hERWdn/p0XcPU2OUcZzac9BPOFq7SbaHFa8r3SWEysCQ==}
    cpu: [riscv64]
    os: [linux]
    libc: [musl]

  '@rollup/rollup-linux-s390x-gnu@4.63.5':
    resolution: {integrity: sha512-lHVQHJFKsuuxLMi3MQO9XVL8Tje3JR82CzB+QDKC5NWBcsIWuwsn9uIM5e3lBhI+fF1/s63qnyYqsg65+8rV/w==}
    cpu: [s390x]
    os: [linux]
    libc: [glibc]

  '@rollup/rollup-linux-x64-gnu@4.63.5':
    resolution: {integrity: sha512-3W9bTFcQNJn71cSJVM9RKIiZOy8DO/XLDii8Uv/Pm6WKqDRj7JV3ZfuXIEfyuy5LXpIzAbB/1M4Ukp9GKNa7nA==}
    cpu: [x64]
    os: [linux]
    libc: [glibc]

  '@rollup/rollup-linux-x64-musl@4.63.5':
    resolution: {integrity: sha512-VDC7rRJlee/scpki96GZ27Omf6yU87s1YXwVTpjE5841faVlDYYT565rgfmoR1U0sqL7z5ivQSDjcsF6VRXyBA==}
    cpu: [x64]
    os: [linux]
    libc: [musl]

  '@rollup/rollup-openbsd-x64@4.63.5':
    resolution: {integrity: sha512-z86Ok2p4pTdv5xqCKZsTooO7yBEiaJR/HzU3Wx8RmWsPoLppnMKROhJusQob8B3IE1ghC343kUW9rC2r+Wf3ig==}
    cpu: [x64]
    os: [openbsd]

  '@rollup/rollup-openharmony-arm64@4.63.5':
    resolution: {integrity: sha512-IzQmj+xXwQFGhMAMKMQVXkMwMZN3TqkJgAE0nSsqvVwWWciP4AIPMmWRqOQ2GfX7TUDZr+xqGFcBS36CRPGw0g==}
    cpu: [arm64]
    os: [openharmony]

  '@rollup/rollup-win32-arm64-msvc@4.63.5':
    resolution: {integrity: sha512-F6qpTaPc9bwBH85kjy0/BLmLSW1uv7AoOXCoRIkg2arlgCYlWYcAbiMkvZuAcaWk9TpCRG//okznLAqLGshkMw==}
    cpu: [arm64]
    os: [win32]

  '@rollup/rollup-win32-ia32-msvc@4.63.5':
    resolution: {integrity: sha512-igoDsTFhhwECBeGbUuLeIk7t8Y1apa+cs6mDWpx2EZ0ch7oEQgzHbFUXN9euoHekCAQzXdXApAGkV6jznS7tWw==}
    cpu: [ia32]
    os: [win32]

  '@rollup/rollup-win32-x64-gnu@4.63.5':
    resolution: {integrity: sha512-U3teMeMbXFmaM5D+OTJpsOXd+wV/qftIeYF9kBKL4v73641qyJmoXFtA28DQLsnmlyayEsTe72xpLHrArq6vHw==}
    cpu: [x64]
    os: [win32]

  '@rollup/rollup-win32-x64-msvc@4.63.5':
    resolution: {integrity: sha512-ypfC34F3RKXvCXBglGqGMsUSMKlgwd1HX9AOAlx9RoZZ6GaI42YHVeKpzg3JG+wpBUJYTG+NNZhqbDWL8tBZkw==}
    cpu: [x64]
    os: [win32]

  '@standard-schema/spec@1.1.0':
    resolution: {integrity: sha512-l2aFy5jALhniG5HgqrD6jXLi/rUWrKvqN/qJx6yoJsgKhblVd+iqqU4RCXavm/jPityDo5TCvKMnpjKnOriy0w==}

  '@types/estree@1.0.9':
    resolution: {integrity: sha512-GhdPgy1el4/ImP05X05Uw4cw2/M93BCUmnEvWZNStlCzEKME4Fkk+YpoA5OiHNQmoS7Cafb8Xa3Pya8m1Qrzeg==}

  fsevents@2.3.3:
    resolution: {integrity: sha512-5xoDfX+fL7faATnagmWPpbFtwh/R77WmMMqqHGS65C3vvB0YHrgF+B1YmZ3441tMj5n63k0212XNoJwzlhffQw==}
    engines: {node: ^8.16.0 || ^10.6.0 || >=11.0.0}
    os: [darwin]

  rollup@4.63.5:
    resolution: {integrity: sha512-KRWwmNLlPw5M7HcdYfm15oBv9n9LPtjzpzCIxS/phwqvPyxHSoKX6Y2YU3pxSPfy0CLquVgsx/j/hBi6OvH1Nw==}
    engines: {node: '>=18.0.0', npm: '>=8.0.0'}
    hasBin: true

snapshots:

  '@deepseek-ai/cordis@4.0.2':
    dependencies:
      '@deepseek-ai/cosmokit': 1.8.3
      '@standard-schema/spec': 1.1.0

  '@deepseek-ai/cosmokit@1.8.3': {}

  '@deepseek-ai/cosmokit@1.8.5': {}

  '@deepseek-ai/schemastery@3.18.4':
    dependencies:
      '@deepseek-ai/cosmokit': 1.8.5
      '@standard-schema/spec': 1.1.0

  '@napi-rs/lzma-linux-x64-gnu@1.5.1':
    optional: true

  '@rollup/rollup-android-arm-eabi@4.63.5':
    optional: true

  '@rollup/rollup-android-arm64@4.63.5':
    optional: true

  '@rollup/rollup-darwin-arm64@4.63.5':
    optional: true

  '@rollup/rollup-darwin-x64@4.63.5':
    optional: true

  '@rollup/rollup-freebsd-arm64@4.63.5':
    optional: true

  '@rollup/rollup-freebsd-x64@4.63.5':
    optional: true

  '@rollup/rollup-linux-arm-gnueabihf@4.63.5':
    optional: true

  '@rollup/rollup-linux-arm-musleabihf@4.63.5':
    optional: true

  '@rollup/rollup-linux-arm64-gnu@4.63.5':
    optional: true

  '@rollup/rollup-linux-arm64-musl@4.63.5':
    optional: true

  '@rollup/rollup-linux-loong64-gnu@4.63.5':
    optional: true

  '@rollup/rollup-linux-loong64-musl@4.63.5':
    optional: true

  '@rollup/rollup-linux-ppc64-gnu@4.63.5':
    optional: true

  '@rollup/rollup-linux-ppc64-musl@4.63.5':
    optional: true

  '@rollup/rollup-linux-riscv64-gnu@4.63.5':
    optional: true

  '@rollup/rollup-linux-riscv64-musl@4.63.5':
    optional: true

  '@rollup/rollup-linux-s390x-gnu@4.63.5':
    optional: true

  '@rollup/rollup-linux-x64-gnu@4.63.5':
    optional: true

  '@rollup/rollup-linux-x64-musl@4.63.5':
    optional: true

  '@rollup/rollup-openbsd-x64@4.63.5':
    optional: true

  '@rollup/rollup-openharmony-arm64@4.63.5':
    optional: true

  '@rollup/rollup-win32-arm64-msvc@4.63.5':
    optional: true

  '@rollup/rollup-win32-ia32-msvc@4.63.5':
    optional: true

  '@rollup/rollup-win32-x64-gnu@4.63.5':
    optional: true

  '@rollup/rollup-win32-x64-msvc@4.63.5':
    optional: true

  '@standard-schema/spec@1.1.0': {}

  '@types/estree@1.0.9': {}

  fsevents@2.3.3:
    optional: true

  rollup@4.63.5:
    dependencies:
      '@types/estree': 1.0.9
    optionalDependencies:
      '@napi-rs/lzma-linux-x64-gnu': 1.5.1
      '@rollup/rollup-android-arm-eabi': 4.63.5
      '@rollup/rollup-android-arm64': 4.63.5
      '@rollup/rollup-darwin-arm64': 4.63.5
      '@rollup/rollup-darwin-x64': 4.63.5
      '@rollup/rollup-freebsd-arm64': 4.63.5
      '@rollup/rollup-freebsd-x64': 4.63.5
      '@rollup/rollup-linux-arm-gnueabihf': 4.63.5
      '@rollup/rollup-linux-arm-musleabihf': 4.63.5
      '@rollup/rollup-linux-arm64-gnu': 4.63.5
      '@rollup/rollup-linux-arm64-musl': 4.63.5
      '@rollup/rollup-linux-loong64-gnu': 4.63.5
      '@rollup/rollup-linux-loong64-musl': 4.63.5
      '@rollup/rollup-linux-ppc64-gnu': 4.63.5
      '@rollup/rollup-linux-ppc64-musl': 4.63.5
      '@rollup/rollup-linux-riscv64-gnu': 4.63.5
      '@rollup/rollup-linux-riscv64-musl': 4.63.5
      '@rollup/rollup-linux-s390x-gnu': 4.63.5
      '@rollup/rollup-linux-x64-gnu': 4.63.5
      '@rollup/rollup-linux-x64-musl': 4.63.5
      '@rollup/rollup-openbsd-x64': 4.63.5
      '@rollup/rollup-openharmony-arm64': 4.63.5
      '@rollup/rollup-win32-arm64-msvc': 4.63.5
      '@rollup/rollup-win32-ia32-msvc': 4.63.5
      '@rollup/rollup-win32-x64-gnu': 4.63.5
      '@rollup/rollup-win32-x64-msvc': 4.63.5
      fsevents: 2.3.3
